
Microsoft Visual Studio Solution File, Format Version 12.00
# Visual Studio Version 17
VisualStudioVersion = 17.13.35825.156
MinimumVisualStudioVersion = 10.0.40219.1
Project("{FAE04EC0-301F-11D3-BF4B-00C04F79EFBC}") = "HouseholdManagementSystem", "HouseholdManagementSystem.csproj", "{7D04B18D-4AA0-4994-B592-4D912A81FFFF}"
EndProject
Global
	GlobalSection(SolutionConfigurationPlatforms) = preSolution
		Debug|Any CPU = Debug|Any CPU
		Release|Any CPU = Release|Any CPU
	EndGlobalSection
	GlobalSection(ProjectConfigurationPlatforms) = postSolution
		{7D04B18D-4AA0-4994-B592-4D912A81FFFF}.Debug|Any CPU.ActiveCfg = Debug|Any CPU
		{7D04B18D-4AA0-4994-B592-4D912A81FFFF}.Debug|Any CPU.Build.0 = Debug|Any CPU
		{7D04B18D-4AA0-4994-B592-4D912A81FFFF}.Release|Any CPU.ActiveCfg = Release|Any CPU
		{7D04B18D-4AA0-4994-B592-4D912A81FFFF}.Release|Any CPU.Build.0 = Release|Any CPU
	EndGlobalSection
	GlobalSection(SolutionProperties) = preSolution
		HideSolutionNode = FALSE
	EndGlobalSection
	GlobalSection(ExtensibilityGlobals) = postSolution
		SolutionGuid = {7B41139F-345E-4C59-96E6-A8395926CE73}
	EndGlobalSection
EndGlobal
